# This file is automatically @generated by Cargo.
# It is not intended for manual editing.
version = 4

[[package]]
name = "encoders"
version = "0.0.1"
dependencies = [
 "snn-core",
]

[[package]]
name = "eval"
version = "0.0.1"
dependencies = [
 "encoders",
 "snn-core",
]

[[package]]
name = "snn-core"
version = "0.0.1"
